
Microsoft Visual Studio Solution File, Format Version 12.00
# Visual Studio Version 16
VisualStudioVersion = 16.0.30621.155
MinimumVisualStudioVersion = 10.0.40219.1
Project("{FAE04EC0-301F-11D3-BF4B-00C04F79EFBC}") = "ToyotaWebsiteScrapper", "ToyotaWebsiteScrapper\ToyotaWebsiteScrapper.csproj", "{F608DB8F-589F-4F90-AE34-6BF93C7C8AFA}"
EndProject
Global
	GlobalSection(SolutionConfigurationPlatforms) = preSolution
		Debug|Any CPU = Debug|Any CPU
		Release|Any CPU = Release|Any CPU
	EndGlobalSection
	GlobalSection(ProjectConfigurationPlatforms) = postSolution
		{F608DB8F-589F-4F90-AE34-6BF93C7C8AFA}.Debug|Any CPU.ActiveCfg = Debug|Any CPU
		{F608DB8F-589F-4F90-AE34-6BF93C7C8AFA}.Debug|Any CPU.Build.0 = Debug|Any CPU
		{F608DB8F-589F-4F90-AE34-6BF93C7C8AFA}.Release|Any CPU.ActiveCfg = Release|Any CPU
		{F608DB8F-589F-4F90-AE34-6BF93C7C8AFA}.Release|Any CPU.Build.0 = Release|Any CPU
	EndGlobalSection
	GlobalSection(SolutionProperties) = preSolution
		HideSolutionNode = FALSE
	EndGlobalSection
	GlobalSection(ExtensibilityGlobals) = postSolution
		SolutionGuid = {FA832CF1-9A88-4D84-964D-9CF060B165FA}
	EndGlobalSection
EndGlobal
